
Microsoft Visual Studio Solution File, Format Version 12.00
# Visual Studio Version 16
VisualStudioVersion = 16.0.28803.352
MinimumVisualStudioVersion = 10.0.40219.1
Project("{FAE04EC0-301F-11D3-BF4B-00C04F79EFBC}") = "gRPCService", "gRPCService\gRPCService.csproj", "{9EA49E1D-516E-424F-9401-18065CFE2BF8}"
EndProject
Project("{FAE04EC0-301F-11D3-BF4B-00C04F79EFBC}") = "gRPCClient", "gRPCClient\gRPCClient.csproj", "{41BAB127-C124-4A53-A0A6-C9E0C21A404D}"
EndProject
Global
	GlobalSection(SolutionConfigurationPlatforms) = preSolution
		Debug|Any CPU = Debug|Any CPU
		Release|Any CPU = Release|Any CPU
	EndGlobalSection
	GlobalSection(ProjectConfigurationPlatforms) = postSolution
		{9EA49E1D-516E-424F-9401-18065CFE2BF8}.Debug|Any CPU.ActiveCfg = Debug|Any CPU
		{9EA49E1D-516E-424F-9401-18065CFE2BF8}.Debug|Any CPU.Build.0 = Debug|Any CPU
		{9EA49E1D-516E-424F-9401-18065CFE2BF8}.Release|Any CPU.ActiveCfg = Release|Any CPU
		{9EA49E1D-516E-424F-9401-18065CFE2BF8}.Release|Any CPU.Build.0 = Release|Any CPU
		{41BAB127-C124-4A53-A0A6-C9E0C21A404D}.Debug|Any CPU.ActiveCfg = Debug|Any CPU
		{41BAB127-C124-4A53-A0A6-C9E0C21A404D}.Debug|Any CPU.Build.0 = Debug|Any CPU
		{41BAB127-C124-4A53-A0A6-C9E0C21A404D}.Release|Any CPU.ActiveCfg = Release|Any CPU
		{41BAB127-C124-4A53-A0A6-C9E0C21A404D}.Release|Any CPU.Build.0 = Release|Any CPU
	EndGlobalSection
	GlobalSection(SolutionProperties) = preSolution
		HideSolutionNode = FALSE
	EndGlobalSection
	GlobalSection(ExtensibilityGlobals) = postSolution
		SolutionGuid = {B02074E6-71FF-43C4-9943-4AD181872EE2}
	EndGlobalSection
EndGlobal
